
Microsoft Visual Studio Solution File, Format Version 12.00
# Visual Studio 15
VisualStudioVersion = 15.0.27130.2024
MinimumVisualStudioVersion = 10.0.40219.1
Project("{9A19103F-16F7-4668-BE54-9A1E7A4F7556}") = "Qurl.Abstractions", "Qurl.Abstractions\Qurl.Abstractions.csproj", "{43723192-FF3A-44B1-8DD2-427C55AC5FF8}"
EndProject
Project("{9A19103F-16F7-4668-BE54-9A1E7A4F7556}") = "Qurl.Queryable", "Qurl.Queryable\Qurl.Queryable.csproj", "{6F157DCA-EC42-4B13-8B6F-8D3E052FF39C}"
EndProject
Project("{9A19103F-16F7-4668-BE54-9A1E7A4F7556}") = "Qurl.AspNetCore", "Qurl.AspNetCore\Qurl.AspNetCore.csproj", "{544CCC90-A81B-41C3-AA7B-0369E53708BC}"
EndProject
Project("{9A19103F-16F7-4668-BE54-9A1E7A4F7556}") = "Sample", "Sample\Sample.csproj", "{93E6A0D0-3B12-40EB-922F-60D7DC37961F}"
EndProject
Project("{FAE04EC0-301F-11D3-BF4B-00C04F79EFBC}") = "Qurl.Abstractions.Tests", "Qurl.Abstractions.Tests\Qurl.Abstractions.Tests.csproj", "{092A464C-7B3E-42D6-84B1-D7AD7CF59754}"
EndProject
Global
	GlobalSection(SolutionConfigurationPlatforms) = preSolution
		Debug|Any CPU = Debug|Any CPU
		Release|Any CPU = Release|Any CPU
	EndGlobalSection
	GlobalSection(ProjectConfigurationPlatforms) = postSolution
		{43723192-FF3A-44B1-8DD2-427C55AC5FF8}.Debug|Any CPU.ActiveCfg = Debug|Any CPU
		{43723192-FF3A-44B1-8DD2-427C55AC5FF8}.Debug|Any CPU.Build.0 = Debug|Any CPU
		{43723192-FF3A-44B1-8DD2-427C55AC5FF8}.Release|Any CPU.ActiveCfg = Release|Any CPU
		{43723192-FF3A-44B1-8DD2-427C55AC5FF8}.Release|Any CPU.Build.0 = Release|Any CPU
		{6F157DCA-EC42-4B13-8B6F-8D3E052FF39C}.Debug|Any CPU.ActiveCfg = Debug|Any CPU
		{6F157DCA-EC42-4B13-8B6F-8D3E052FF39C}.Debug|Any CPU.Build.0 = Debug|Any CPU
		{6F157DCA-EC42-4B13-8B6F-8D3E052FF39C}.Release|Any CPU.ActiveCfg = Release|Any CPU
		{6F157DCA-EC42-4B13-8B6F-8D3E052FF39C}.Release|Any CPU.Build.0 = Release|Any CPU
		{544CCC90-A81B-41C3-AA7B-0369E53708BC}.Debug|Any CPU.ActiveCfg = Debug|Any CPU
		{544CCC90-A81B-41C3-AA7B-0369E53708BC}.Debug|Any CPU.Build.0 = Debug|Any CPU
		{544CCC90-A81B-41C3-AA7B-0369E53708BC}.Release|Any CPU.ActiveCfg = Release|Any CPU
		{544CCC90-A81B-41C3-AA7B-0369E53708BC}.Release|Any CPU.Build.0 = Release|Any CPU
		{93E6A0D0-3B12-40EB-922F-60D7DC37961F}.Debug|Any CPU.ActiveCfg = Debug|Any CPU
		{93E6A0D0-3B12-40EB-922F-60D7DC37961F}.Debug|Any CPU.Build.0 = Debug|Any CPU
		{93E6A0D0-3B12-40EB-922F-60D7DC37961F}.Release|Any CPU.ActiveCfg = Release|Any CPU
		{93E6A0D0-3B12-40EB-922F-60D7DC37961F}.Release|Any CPU.Build.0 = Release|Any CPU
		{092A464C-7B3E-42D6-84B1-D7AD7CF59754}.Debug|Any CPU.ActiveCfg = Debug|Any CPU
		{092A464C-7B3E-42D6-84B1-D7AD7CF59754}.Debug|Any CPU.Build.0 = Debug|Any CPU
		{092A464C-7B3E-42D6-84B1-D7AD7CF59754}.Release|Any CPU.ActiveCfg = Release|Any CPU
		{092A464C-7B3E-42D6-84B1-D7AD7CF59754}.Release|Any CPU.Build.0 = Release|Any CPU
	EndGlobalSection
	GlobalSection(SolutionProperties) = preSolution
		HideSolutionNode = FALSE
	EndGlobalSection
	GlobalSection(ExtensibilityGlobals) = postSolution
		SolutionGuid = {5D8E5306-9005-4343-B536-75CB72062A98}
	EndGlobalSection
EndGlobal
